{
  "name": "workspace",
  "version": "0.0.0",
  "lockfileVersion": 1,
  "requires": true,
  "dependencies": {
    "@replit/connectors-sdk": {
      "version": "0.4.3",
      "resolved": "https://registry.npmjs.org/@replit/connectors-sdk/-/connectors-sdk-0.4.3.tgz",
      "integrity": "sha512-7XoaRty/O6JF161UkVBI8UewZ96XCNNN1kRvT9Q41IRH3xr+6ImylvXtirIghydDd2FCQvIkY4HQscOOr45otA=="
    },
    "prettier": {
      "version": "3.9.9",
      "resolved": "https://registry.npmjs.org/prettier/-/prettier-3.9.9.tgz",
      "integrity": "sha512-Z/CJHIkdujO/OtN7nXUii0Rf3VT5SRuhjBA82Xvu2XhBUgX3nhP67T0LHceBdQLex7OOFGTox+Q5Yg8Jk2Qivg==",
      "dev": true
    },
    "typescript": {
      "version": "5.9.3",
      "resolved": "https://registry.npmjs.org/typescript/-/typescript-5.9.3.tgz",
      "integrity": "sha512-jl1vZzPDinLr9eUt3J/t7V6FgNEw9QjvBPdysz9KfQDD41fQrC2Y4vKQdiaUpFT4bXlb1RHhLpp8wtm6M5TgSw==",
      "dev": true
    }
  }
}
